// !$*UTF8*$!
{
	archiveVersion = 1;
	classes = {
	};
	objectVersion = 46;
	objects = {

/* Begin PBXBuildFile section */
		323F600718D304C5006FDDF1 /* MLProductViewController.m in Sources */ = {isa = PBXBuildFile; fileRef = 323F600618D304C5006FDDF1 /* MLProductViewController.m */; };
		323F600B18D34DC8006FDDF1 /* MLProductView.m in Sources */ = {isa = PBXBuildFile; fileRef = 323F600A18D34DC8006FDDF1 /* MLProductView.m */; };
		323F600F18D3669D006FDDF1 /* MLAlert.m in Sources */ = {isa = PBXBuildFile; fileRef = 323F600E18D3669D006FDDF1 /* MLAlert.m */; };
		323F601618D36A83006FDDF1 /* MLIndicator.m in Sources */ = {isa = PBXBuildFile; fileRef = 323F601518D36A83006FDDF1 /* MLIndicator.m */; };
		323F601918D37910006FDDF1 /* MLCurrentUser.m in Sources */ = {isa = PBXBuildFile; fileRef = 323F601818D37910006FDDF1 /* MLCurrentUser.m */; };
		323F601D18D37B2B006FDDF1 /* MLUserView.m in Sources */ = {isa = PBXBuildFile; fileRef = 323F601C18D37B2B006FDDF1 /* MLUserView.m */; };
		32529F5D18D23CA700ADA8EE /* MLImageManager.m in Sources */ = {isa = PBXBuildFile; fileRef = 32529F5C18D23CA700ADA8EE /* MLImageManager.m */; };
		32749DD118D085AF00337C06 /* Foundation.framework in Frameworks */ = {isa = PBXBuildFile; fileRef = 32749DD018D085AF00337C06 /* Foundation.framework */; };
		32749DD318D085AF00337C06 /* CoreGraphics.framework in Frameworks */ = {isa = PBXBuildFile; fileRef = 32749DD218D085AF00337C06 /* CoreGraphics.framework */; };
		32749DD518D085AF00337C06 /* UIKit.framework in Frameworks */ = {isa = PBXBuildFile; fileRef = 32749DD418D085AF00337C06 /* UIKit.framework */; };
		32749DD718D085AF00337C06 /* CoreData.framework in Frameworks */ = {isa = PBXBuildFile; fileRef = 32749DD618D085AF00337C06 /* CoreData.framework */; };
		32749DDD18D085AF00337C06 /* InfoPlist.strings in Resources */ = {isa = PBXBuildFile; fileRef = 32749DDB18D085AF00337C06 /* InfoPlist.strings */; };
		32749DDF18D085AF00337C06 /* main.m in Sources */ = {isa = PBXBuildFile; fileRef = 32749DDE18D085AF00337C06 /* main.m */; };
		32749DE318D085AF00337C06 /* MLAppDelegate.m in Sources */ = {isa = PBXBuildFile; fileRef = 32749DE218D085AF00337C06 /* MLAppDelegate.m */; };
		32749DE618D085AF00337C06 /* melo.xcdatamodeld in Sources */ = {isa = PBXBuildFile; fileRef = 32749DE418D085AF00337C06 /* melo.xcdatamodeld */; };
		32749DE818D085AF00337C06 /* Images.xcassets in Resources */ = {isa = PBXBuildFile; fileRef = 32749DE718D085AF00337C06 /* Images.xcassets */; };
		32749DEF18D085AF00337C06 /* XCTest.framework in Frameworks */ = {isa = PBXBuildFile; fileRef = 32749DEE18D085AF00337C06 /* XCTest.framework */; };
		32749DF018D085AF00337C06 /* Foundation.framework in Frameworks */ = {isa = PBXBuildFile; fileRef = 32749DD018D085AF00337C06 /* Foundation.framework */; };
		32749DF118D085AF00337C06 /* UIKit.framework in Frameworks */ = {isa = PBXBuildFile; fileRef = 32749DD418D085AF00337C06 /* UIKit.framework */; };
		32749DF218D085AF00337C06 /* CoreData.framework in Frameworks */ = {isa = PBXBuildFile; fileRef = 32749DD618D085AF00337C06 /* CoreData.framework */; };
		32749DFA18D085AF00337C06 /* InfoPlist.strings in Resources */ = {isa = PBXBuildFile; fileRef = 32749DF818D085AF00337C06 /* InfoPlist.strings */; };
		32749DFC18D085AF00337C06 /* meloTests.m in Sources */ = {isa = PBXBuildFile; fileRef = 32749DFB18D085AF00337C06 /* meloTests.m */; };
		329FAA8718D19D5400FBC7F6 /* MLStartFollowViewController.m in Sources */ = {isa = PBXBuildFile; fileRef = 329FAA8618D19D5400FBC7F6 /* MLStartFollowViewController.m */; };
		329FAA8B18D1A79700FBC7F6 /* MLHomeViewController.m in Sources */ = {isa = PBXBuildFile; fileRef = 329FAA8A18D1A79700FBC7F6 /* MLHomeViewController.m */; };
		329FAA8F18D1A96C00FBC7F6 /* MLStartFollowView.m in Sources */ = {isa = PBXBuildFile; fileRef = 329FAA8E18D1A96C00FBC7F6 /* MLStartFollowView.m */; };
		329FAA9218D1AE5700FBC7F6 /* MLFollowUserBlockView.m in Sources */ = {isa = PBXBuildFile; fileRef = 329FAA9118D1AE5700FBC7F6 /* MLFollowUserBlockView.m */; };
		329FAA9A18D1B0BF00FBC7F6 /* MLUser.m in Sources */ = {isa = PBXBuildFile; fileRef = 329FAA9918D1B0BF00FBC7F6 /* MLUser.m */; };
		329FAA9D18D1B0DE00FBC7F6 /* MLProduct.m in Sources */ = {isa = PBXBuildFile; fileRef = 329FAA9C18D1B0DE00FBC7F6 /* MLProduct.m */; };
		329FAAA218D1D25200FBC7F6 /* MLConnector.m in Sources */ = {isa = PBXBuildFile; fileRef = 329FAAA118D1D25200FBC7F6 /* MLConnector.m */; };
		329FAAA518D1DB1400FBC7F6 /* MLHttpRequest.m in Sources */ = {isa = PBXBuildFile; fileRef = 329FAAA418D1DB1400FBC7F6 /* MLHttpRequest.m */; };
		329FAAA718D1F01200FBC7F6 /* Security.framework in Frameworks */ = {isa = PBXBuildFile; fileRef = 329FAAA618D1F01200FBC7F6 /* Security.framework */; };
		329FAAA918D1F01C00FBC7F6 /* CFNetwork.framework in Frameworks */ = {isa = PBXBuildFile; fileRef = 329FAAA818D1F01C00FBC7F6 /* CFNetwork.framework */; };
		329FAAAB18D1F02900FBC7F6 /* SystemConfiguration.framework in Frameworks */ = {isa = PBXBuildFile; fileRef = 329FAAAA18D1F02900FBC7F6 /* SystemConfiguration.framework */; };
		32D3D1C218D08E7F004D7E38 /* MLLoginViewController.m in Sources */ = {isa = PBXBuildFile; fileRef = 32D3D1C118D08E7F004D7E38 /* MLLoginViewController.m */; };
		32D3D1C618D08F43004D7E38 /* MLNavigationViewController.m in Sources */ = {isa = PBXBuildFile; fileRef = 32D3D1C518D08F43004D7E38 /* MLNavigationViewController.m */; };
		32D3D1CD18D0956F004D7E38 /* MLLoginView.m in Sources */ = {isa = PBXBuildFile; fileRef = 32D3D1CC18D0956F004D7E38 /* MLLoginView.m */; };
		32D3D1D018D17510004D7E38 /* UIImage+Addition.m in Sources */ = {isa = PBXBuildFile; fileRef = 32D3D1CF18D17510004D7E38 /* UIImage+Addition.m */; };
		32D3D1D318D17713004D7E38 /* UIColor+Addition.m in Sources */ = {isa = PBXBuildFile; fileRef = 32D3D1D218D17713004D7E38 /* UIColor+Addition.m */; };
		32DEF68F18D4BB2B002CFF9B /* MLNotificiationCellLayout.m in Sources */ = {isa = PBXBuildFile; fileRef = 32DEF68E18D4BB2B002CFF9B /* MLNotificiationCellLayout.m */; };
		32DEF69318D4DC68002CFF9B /* MLNotificationViewController.m in Sources */ = {isa = PBXBuildFile; fileRef = 32DEF69218D4DC68002CFF9B /* MLNotificationViewController.m */; };
		32DEF69618D4DD77002CFF9B /* MLNotificationView.m in Sources */ = {isa = PBXBuildFile; fileRef = 32DEF69518D4DD77002CFF9B /* MLNotificationView.m */; };
		32DEF69A18D54CB2002CFF9B /* MLSettingViewController.m in Sources */ = {isa = PBXBuildFile; fileRef = 32DEF69918D54CB2002CFF9B /* MLSettingViewController.m */; };
		32DEF69E18D54DE1002CFF9B /* MLSettingView.m in Sources */ = {isa = PBXBuildFile; fileRef = 32DEF69D18D54DE1002CFF9B /* MLSettingView.m */; };
		32DEF6A218D55A28002CFF9B /* MLFeedbackViewController.m in Sources */ = {isa = PBXBuildFile; fileRef = 32DEF6A118D55A28002CFF9B /* MLFeedbackViewController.m */; };
		32E15E5718D2B25100AFA3F0 /* MLDevice.m in Sources */ = {isa = PBXBuildFile; fileRef = 32E15E5618D2B25100AFA3F0 /* MLDevice.m */; };
		32E15E5B18D2B7A400AFA3F0 /* MLUserDefaults.m in Sources */ = {isa = PBXBuildFile; fileRef = 32E15E5A18D2B7A400AFA3F0 /* MLUserDefaults.m */; };
		32E15E5E18D2BB5C00AFA3F0 /* MLViewController.m in Sources */ = {isa = PBXBuildFile; fileRef = 32E15E5D18D2BB5C00AFA3F0 /* MLViewController.m */; };
		32E15E6218D2BD0E00AFA3F0 /* MLTabViewController.m in Sources */ = {isa = PBXBuildFile; fileRef = 32E15E6118D2BD0E00AFA3F0 /* MLTabViewController.m */; };
		32E15E6718D2C5FD00AFA3F0 /* MLHomeTabView.m in Sources */ = {isa = PBXBuildFile; fileRef = 32E15E6618D2C5FD00AFA3F0 /* MLHomeTabView.m */; };
		32E15E6D18D2CF0400AFA3F0 /* MLProductCollectionView.m in Sources */ = {isa = PBXBuildFile; fileRef = 32E15E6C18D2CF0400AFA3F0 /* MLProductCollectionView.m */; };
		32E15E7018D2D08E00AFA3F0 /* MLProductCollectionLayout.m in Sources */ = {isa = PBXBuildFile; fileRef = 32E15E6F18D2D08E00AFA3F0 /* MLProductCollectionLayout.m */; };
		32E15E7418D2E1C300AFA3F0 /* MLUserViewController.m in Sources */ = {isa = PBXBuildFile; fileRef = 32E15E7318D2E1C300AFA3F0 /* MLUserViewController.m */; };
		32E15E7818D2E26000AFA3F0 /* MLProductController.m in Sources */ = {isa = PBXBuildFile; fileRef = 32E15E7718D2E26000AFA3F0 /* MLProductController.m */; };
		32E15E7B18D2E6B200AFA3F0 /* MLProductManager.m in Sources */ = {isa = PBXBuildFile; fileRef = 32E15E7A18D2E6B200AFA3F0 /* MLProductManager.m */; };
		32E15E7E18D2EC4000AFA3F0 /* MLProductCell.m in Sources */ = {isa = PBXBuildFile; fileRef = 32E15E7D18D2EC4000AFA3F0 /* MLProductCell.m */; };
		32E2B06218D1FE6300C0F888 /* MLUserController.m in Sources */ = {isa = PBXBuildFile; fileRef = 32E2B06118D1FE6300C0F888 /* MLUserController.m */; };
		32E342CD18D4393A00ECBB60 /* MLNotificationTableViewController.m in Sources */ = {isa = PBXBuildFile; fileRef = 32E342CC18D4393A00ECBB60 /* MLNotificationTableViewController.m */; };
		32E342D218D43A9100ECBB60 /* MLNotificationTableView.m in Sources */ = {isa = PBXBuildFile; fileRef = 32E342D118D43A9100ECBB60 /* MLNotificationTableView.m */; };
		32E342D618D43D3900ECBB60 /* MLNotification.m in Sources */ = {isa = PBXBuildFile; fileRef = 32E342D518D43D3900ECBB60 /* MLNotification.m */; };
		32E342D918D43D4500ECBB60 /* MLNotificationManager.m in Sources */ = {isa = PBXBuildFile; fileRef = 32E342D818D43D4500ECBB60 /* MLNotificationManager.m */; };
		32E342DD18D43E4400ECBB60 /* MLNotificationController.m in Sources */ = {isa = PBXBuildFile; fileRef = 32E342DC18D43E4400ECBB60 /* MLNotificationController.m */; };
		32E342E018D4B1B000ECBB60 /* MLNotificationCell.m in Sources */ = {isa = PBXBuildFile; fileRef = 32E342DF18D4B1B000ECBB60 /* MLNotificationCell.m */; };
		32E342E318D4B34300ECBB60 /* MLNotificationCellContentView.m in Sources */ = {isa = PBXBuildFile; fileRef = 32E342E218D4B34300ECBB60 /* MLNotificationCellContentView.m */; };
		32E3D4E718D24093004CEAE0 /* ImageIO.framework in Frameworks */ = {isa = PBXBuildFile; fileRef = 32E3D4E618D24093004CEAE0 /* ImageIO.framework */; };
		32E3D4E918D240E7004CEAE0 /* MapKit.framework in Frameworks */ = {isa = PBXBuildFile; fileRef = 32E3D4E818D240E7004CEAE0 /* MapKit.framework */; };
		32E3D50618D24230004CEAE0 /* MKAnnotationView+WebCache.m in Sources */ = {isa = PBXBuildFile; fileRef = 32E3D4EC18D24230004CEAE0 /* MKAnnotationView+WebCache.m */; };
		32E3D50718D24230004CEAE0 /* SDImageCache.m in Sources */ = {isa = PBXBuildFile; fileRef = 32E3D4EE18D24230004CEAE0 /* SDImageCache.m */; };
		32E3D50818D24230004CEAE0 /* SDWebImageCompat.m in Sources */ = {isa = PBXBuildFile; fileRef = 32E3D4F018D24230004CEAE0 /* SDWebImageCompat.m */; };
		32E3D50918D24230004CEAE0 /* SDWebImageDecoder.m in Sources */ = {isa = PBXBuildFile; fileRef = 32E3D4F218D24230004CEAE0 /* SDWebImageDecoder.m */; };
		32E3D50A18D24230004CEAE0 /* SDWebImageDownloader.m in Sources */ = {isa = PBXBuildFile; fileRef = 32E3D4F418D24230004CEAE0 /* SDWebImageDownloader.m */; };
		32E3D50B18D24230004CEAE0 /* SDWebImageDownloaderOperation.m in Sources */ = {isa = PBXBuildFile; fileRef = 32E3D4F618D24230004CEAE0 /* SDWebImageDownloaderOperation.m */; };
		32E3D50C18D24230004CEAE0 /* SDWebImageManager.m in Sources */ = {isa = PBXBuildFile; fileRef = 32E3D4F818D24230004CEAE0 /* SDWebImageManager.m */; };
		32E3D50D18D24230004CEAE0 /* SDWebImagePrefetcher.m in Sources */ = {isa = PBXBuildFile; fileRef = 32E3D4FB18D24230004CEAE0 /* SDWebImagePrefetcher.m */; };
		32E3D50E18D24230004CEAE0 /* UIButton+WebCache.m in Sources */ = {isa = PBXBuildFile; fileRef = 32E3D4FD18D24230004CEAE0 /* UIButton+WebCache.m */; };
		32E3D50F18D24230004CEAE0 /* UIImage+GIF.m in Sources */ = {isa = PBXBuildFile; fileRef = 32E3D4FF18D24230004CEAE0 /* UIImage+GIF.m */; };
		32E3D51018D24230004CEAE0 /* UIImage+MultiFormat.m in Sources */ = {isa = PBXBuildFile; fileRef = 32E3D50118D24230004CEAE0 /* UIImage+MultiFormat.m */; };
		32E3D51118D24230004CEAE0 /* UIImage+WebP.m in Sources */ = {isa = PBXBuildFile; fileRef = 32E3D50318D24230004CEAE0 /* UIImage+WebP.m */; };
		32E3D51218D24230004CEAE0 /* UIImageView+WebCache.m in Sources */ = {isa = PBXBuildFile; fileRef = 32E3D50518D24230004CEAE0 /* UIImageView+WebCache.m */; };
		32E3D51518D242B2004CEAE0 /* NSData+ImageContentType.m in Sources */ = {isa = PBXBuildFile; fileRef = 32E3D51418D242B2004CEAE0 /* NSData+ImageContentType.m */; };
		32E3D51918D243C6004CEAE0 /* MLNotificationCenter.m in Sources */ = {isa = PBXBuildFile; fileRef = 32E3D51818D243C6004CEAE0 /* MLNotificationCenter.m */; };
		4F96C50086FE4E83AA5B9FFB /* libPods.a in Frameworks */ = {isa = PBXBuildFile; fileRef = AE0AE56C3104436289DC3E42 /* libPods.a */; };
/* End PBXBuildFile section */

/* Begin PBXContainerItemProxy section */
		32749DF318D085AF00337C06 /* PBXContainerItemProxy */ = {
			isa = PBXContainerItemProxy;
			containerPortal = 32749DC518D085AF00337C06 /* Project object */;
			proxyType = 1;
			remoteGlobalIDString = 32749DCC18D085AF00337C06;
			remoteInfo = melo;
		};
/* End PBXContainerItemProxy section */

/* Begin PBXFileReference section */
		2499973558944353BA48409B /* Pods.xcconfig */ = {isa = PBXFileReference; includeInIndex = 1; lastKnownFileType = text.xcconfig; name = Pods.xcconfig; path = Pods/Pods.xcconfig; sourceTree = "<group>"; };
		323F600518D304C5006FDDF1 /* MLProductViewController.h */ = {isa = PBXFileReference; fileEncoding = 4; lastKnownFileType = sourcecode.c.h; path = MLProductViewController.h; sourceTree = "<group>"; };
		323F600618D304C5006FDDF1 /* MLProductViewController.m */ = {isa = PBXFileReference; fileEncoding = 4; lastKnownFileType = sourcecode.c.objc; path = MLProductViewController.m; sourceTree = "<group>"; };
		323F600918D34DC8006FDDF1 /* MLProductView.h */ = {isa = PBXFileReference; fileEncoding = 4; lastKnownFileType = sourcecode.c.h; path = MLProductView.h; sourceTree = "<group>"; };
		323F600A18D34DC8006FDDF1 /* MLProductView.m */ = {isa = PBXFileReference; fileEncoding = 4; lastKnownFileType = sourcecode.c.objc; path = MLProductView.m; sourceTree = "<group>"; };
		323F600D18D3669D006FDDF1 /* MLAlert.h */ = {isa = PBXFileReference; fileEncoding = 4; lastKnownFileType = sourcecode.c.h; path = MLAlert.h; sourceTree = "<group>"; };
		323F600E18D3669D006FDDF1 /* MLAlert.m */ = {isa = PBXFileReference; fileEncoding = 4; lastKnownFileType = sourcecode.c.objc; path = MLAlert.m; sourceTree = "<group>"; };
		323F601418D36A83006FDDF1 /* MLIndicator.h */ = {isa = PBXFileReference; fileEncoding = 4; lastKnownFileType = sourcecode.c.h; path = MLIndicator.h; sourceTree = "<group>"; };
		323F601518D36A83006FDDF1 /* MLIndicator.m */ = {isa = PBXFileReference; fileEncoding = 4; lastKnownFileType = sourcecode.c.objc; path = MLIndicator.m; sourceTree = "<group>"; };
		323F601718D37910006FDDF1 /* MLCurrentUser.h */ = {isa = PBXFileReference; fileEncoding = 4; lastKnownFileType = sourcecode.c.h; path = MLCurrentUser.h; sourceTree = "<group>"; };
		323F601818D37910006FDDF1 /* MLCurrentUser.m */ = {isa = PBXFileReference; fileEncoding = 4; lastKnownFileType = sourcecode.c.objc; path = MLCurrentUser.m; sourceTree = "<group>"; };
		323F601B18D37B2B006FDDF1 /* MLUserView.h */ = {isa = PBXFileReference; fileEncoding = 4; lastKnownFileType = sourcecode.c.h; path = MLUserView.h; sourceTree = "<group>"; };
		323F601C18D37B2B006FDDF1 /* MLUserView.m */ = {isa = PBXFileReference; fileEncoding = 4; lastKnownFileType = sourcecode.c.objc; path = MLUserView.m; sourceTree = "<group>"; };
		32529F5B18D23CA700ADA8EE /* MLImageManager.h */ = {isa = PBXFileReference; fileEncoding = 4; lastKnownFileType = sourcecode.c.h; path = MLImageManager.h; sourceTree = "<group>"; };
		32529F5C18D23CA700ADA8EE /* MLImageManager.m */ = {isa = PBXFileReference; fileEncoding = 4; lastKnownFileType = sourcecode.c.objc; path = MLImageManager.m; sourceTree = "<group>"; };
		32749DCD18D085AF00337C06 /* melo.app */ = {isa = PBXFileReference; explicitFileType = wrapper.application; includeInIndex = 0; path = melo.app; sourceTree = BUILT_PRODUCTS_DIR; };
		32749DD018D085AF00337C06 /* Foundation.framework */ = {isa = PBXFileReference; lastKnownFileType = wrapper.framework; name = Foundation.framework; path = System/Library/Frameworks/Foundation.framework; sourceTree = SDKROOT; };
		32749DD218D085AF00337C06 /* CoreGraphics.framework */ = {isa = PBXFileReference; lastKnownFileType = wrapper.framework; name = CoreGraphics.framework; path = System/Library/Frameworks/CoreGraphics.framework; sourceTree = SDKROOT; };
		32749DD418D085AF00337C06 /* UIKit.framework */ = {isa = PBXFileReference; lastKnownFileType = wrapper.framework; name = UIKit.framework; path = System/Library/Frameworks/UIKit.framework; sourceTree = SDKROOT; };
		32749DD618D085AF00337C06 /* CoreData.framework */ = {isa = PBXFileReference; lastKnownFileType = wrapper.framework; name = CoreData.framework; path = System/Library/Frameworks/CoreData.framework; sourceTree = SDKROOT; };
		32749DDA18D085AF00337C06 /* melo-Info.plist */ = {isa = PBXFileReference; lastKnownFileType = text.plist.xml; path = "melo-Info.plist"; sourceTree = "<group>"; };
		32749DDC18D085AF00337C06 /* en */ = {isa = PBXFileReference; lastKnownFileType = text.plist.strings; name = en; path = en.lproj/InfoPlist.strings; sourceTree = "<group>"; };
		32749DDE18D085AF00337C06 /* main.m */ = {isa = PBXFileReference; lastKnownFileType = sourcecode.c.objc; path = main.m; sourceTree = "<group>"; };
		32749DE018D085AF00337C06 /* melo-Prefix.pch */ = {isa = PBXFileReference; lastKnownFileType = sourcecode.c.h; path = "melo-Prefix.pch"; sourceTree = "<group>"; };
		32749DE118D085AF00337C06 /* MLAppDelegate.h */ = {isa = PBXFileReference; lastKnownFileType = sourcecode.c.h; path = MLAppDelegate.h; sourceTree = "<group>"; };
		32749DE218D085AF00337C06 /* MLAppDelegate.m */ = {isa = PBXFileReference; lastKnownFileType = sourcecode.c.objc; path = MLAppDelegate.m; sourceTree = "<group>"; };
		32749DE518D085AF00337C06 /* melo.xcdatamodel */ = {isa = PBXFileReference; lastKnownFileType = wrapper.xcdatamodel; path = melo.xcdatamodel; sourceTree = "<group>"; };
		32749DE718D085AF00337C06 /* Images.xcassets */ = {isa = PBXFileReference; lastKnownFileType = folder.assetcatalog; path = Images.xcassets; sourceTree = "<group>"; };
		32749DED18D085AF00337C06 /* meloTests.xctest */ = {isa = PBXFileReference; explicitFileType = wrapper.cfbundle; includeInIndex = 0; path = meloTests.xctest; sourceTree = BUILT_PRODUCTS_DIR; };
		32749DEE18D085AF00337C06 /* XCTest.framework */ = {isa = PBXFileReference; lastKnownFileType = wrapper.framework; name = XCTest.framework; path = Library/Frameworks/XCTest.framework; sourceTree = DEVELOPER_DIR; };
		32749DF718D085AF00337C06 /* meloTests-Info.plist */ = {isa = PBXFileReference; lastKnownFileType = text.plist.xml; path = "meloTests-Info.plist"; sourceTree = "<group>"; };
		32749DF918D085AF00337C06 /* en */ = {isa = PBXFileReference; lastKnownFileType = text.plist.strings; name = en; path = en.lproj/InfoPlist.strings; sourceTree = "<group>"; };
		32749DFB18D085AF00337C06 /* meloTests.m */ = {isa = PBXFileReference; lastKnownFileType = sourcecode.c.objc; path = meloTests.m; sourceTree = "<group>"; };
		329FAA8518D19D5400FBC7F6 /* MLStartFollowViewController.h */ = {isa = PBXFileReference; fileEncoding = 4; lastKnownFileType = sourcecode.c.h; path = MLStartFollowViewController.h; sourceTree = "<group>"; };
		329FAA8618D19D5400FBC7F6 /* MLStartFollowViewController.m */ = {isa = PBXFileReference; fileEncoding = 4; lastKnownFileType = sourcecode.c.objc; path = MLStartFollowViewController.m; sourceTree = "<group>"; };
		329FAA8918D1A79700FBC7F6 /* MLHomeViewController.h */ = {isa = PBXFileReference; fileEncoding = 4; lastKnownFileType = sourcecode.c.h; path = MLHomeViewController.h; sourceTree = "<group>"; };
		329FAA8A18D1A79700FBC7F6 /* MLHomeViewController.m */ = {isa = PBXFileReference; fileEncoding = 4; lastKnownFileType = sourcecode.c.objc; path = MLHomeViewController.m; sourceTree = "<group>"; };
		329FAA8D18D1A96C00FBC7F6 /* MLStartFollowView.h */ = {isa = PBXFileReference; fileEncoding = 4; lastKnownFileType = sourcecode.c.h; path = MLStartFollowView.h; sourceTree = "<group>"; };
		329FAA8E18D1A96C00FBC7F6 /* MLStartFollowView.m */ = {isa = PBXFileReference; fileEncoding = 4; lastKnownFileType = sourcecode.c.objc; path = MLStartFollowView.m; sourceTree = "<group>"; };
		329FAA9018D1AE5700FBC7F6 /* MLFollowUserBlockView.h */ = {isa = PBXFileReference; fileEncoding = 4; lastKnownFileType = sourcecode.c.h; path = MLFollowUserBlockView.h; sourceTree = "<group>"; };
		329FAA9118D1AE5700FBC7F6 /* MLFollowUserBlockView.m */ = {isa = PBXFileReference; fileEncoding = 4; lastKnownFileType = sourcecode.c.objc; path = MLFollowUserBlockView.m; sourceTree = "<group>"; };
		329FAA9818D1B0BF00FBC7F6 /* MLUser.h */ = {isa = PBXFileReference; fileEncoding = 4; lastKnownFileType = sourcecode.c.h; path = MLUser.h; sourceTree = "<group>"; };
		329FAA9918D1B0BF00FBC7F6 /* MLUser.m */ = {isa = PBXFileReference; fileEncoding = 4; lastKnownFileType = sourcecode.c.objc; path = MLUser.m; sourceTree = "<group>"; };
		329FAA9B18D1B0DE00FBC7F6 /* MLProduct.h */ = {isa = PBXFileReference; fileEncoding = 4; lastKnownFileType = sourcecode.c.h; path = MLProduct.h; sourceTree = "<group>"; };
		329FAA9C18D1B0DE00FBC7F6 /* MLProduct.m */ = {isa = PBXFileReference; fileEncoding = 4; lastKnownFileType = sourcecode.c.objc; path = MLProduct.m; sourceTree = "<group>"; };
		329FAAA018D1D25200FBC7F6 /* MLConnector.h */ = {isa = PBXFileReference; fileEncoding = 4; lastKnownFileType = sourcecode.c.h; path = MLConnector.h; sourceTree = "<group>"; };
		329FAAA118D1D25200FBC7F6 /* MLConnector.m */ = {isa = PBXFileReference; fileEncoding = 4; lastKnownFileType = sourcecode.c.objc; path = MLConnector.m; sourceTree = "<group>"; };
		329FAAA318D1DB1400FBC7F6 /* MLHttpRequest.h */ = {isa = PBXFileReference; fileEncoding = 4; lastKnownFileType = sourcecode.c.h; path = MLHttpRequest.h; sourceTree = "<group>"; };
		329FAAA418D1DB1400FBC7F6 /* MLHttpRequest.m */ = {isa = PBXFileReference; fileEncoding = 4; lastKnownFileType = sourcecode.c.objc; path = MLHttpRequest.m; sourceTree = "<group>"; };
		329FAAA618D1F01200FBC7F6 /* Security.framework */ = {isa = PBXFileReference; lastKnownFileType = wrapper.framework; name = Security.framework; path = System/Library/Frameworks/Security.framework; sourceTree = SDKROOT; };
		329FAAA818D1F01C00FBC7F6 /* CFNetwork.framework */ = {isa = PBXFileReference; lastKnownFileType = wrapper.framework; name = CFNetwork.framework; path = System/Library/Frameworks/CFNetwork.framework; sourceTree = SDKROOT; };
		329FAAAA18D1F02900FBC7F6 /* SystemConfiguration.framework */ = {isa = PBXFileReference; lastKnownFileType = wrapper.framework; name = SystemConfiguration.framework; path = System/Library/Frameworks/SystemConfiguration.framework; sourceTree = SDKROOT; };
		32D3D1C018D08E7F004D7E38 /* MLLoginViewController.h */ = {isa = PBXFileReference; fileEncoding = 4; lastKnownFileType = sourcecode.c.h; path = MLLoginViewController.h; sourceTree = "<group>"; };
		32D3D1C118D08E7F004D7E38 /* MLLoginViewController.m */ = {isa = PBXFileReference; fileEncoding = 4; lastKnownFileType = sourcecode.c.objc; path = MLLoginViewController.m; sourceTree = "<group>"; };
		32D3D1C418D08F43004D7E38 /* MLNavigationViewController.h */ = {isa = PBXFileReference; fileEncoding = 4; lastKnownFileType = sourcecode.c.h; path = MLNavigationViewController.h; sourceTree = "<group>"; };
		32D3D1C518D08F43004D7E38 /* MLNavigationViewController.m */ = {isa = PBXFileReference; fileEncoding = 4; lastKnownFileType = sourcecode.c.objc; path = MLNavigationViewController.m; sourceTree = "<group>"; };
		32D3D1CB18D0956F004D7E38 /* MLLoginView.h */ = {isa = PBXFileReference; fileEncoding = 4; lastKnownFileType = sourcecode.c.h; path = MLLoginView.h; sourceTree = "<group>"; };
		32D3D1CC18D0956F004D7E38 /* MLLoginView.m */ = {isa = PBXFileReference; fileEncoding = 4; lastKnownFileType = sourcecode.c.objc; path = MLLoginView.m; sourceTree = "<group>"; };
		32D3D1CE18D17510004D7E38 /* UIImage+Addition.h */ = {isa = PBXFileReference; fileEncoding = 4; lastKnownFileType = sourcecode.c.h; path = "UIImage+Addition.h"; sourceTree = "<group>"; };
		32D3D1CF18D17510004D7E38 /* UIImage+Addition.m */ = {isa = PBXFileReference; fileEncoding = 4; lastKnownFileType = sourcecode.c.objc; path = "UIImage+Addition.m"; sourceTree = "<group>"; };
		32D3D1D118D17713004D7E38 /* UIColor+Addition.h */ = {isa = PBXFileReference; fileEncoding = 4; lastKnownFileType = sourcecode.c.h; path = "UIColor+Addition.h"; sourceTree = "<group>"; };
		32D3D1D218D17713004D7E38 /* UIColor+Addition.m */ = {isa = PBXFileReference; fileEncoding = 4; lastKnownFileType = sourcecode.c.objc; path = "UIColor+Addition.m"; sourceTree = "<group>"; };
		32DEF68D18D4BB2B002CFF9B /* MLNotificationCellLayout.h */ = {isa = PBXFileReference; fileEncoding = 4; lastKnownFileType = sourcecode.c.h; path = MLNotificationCellLayout.h; sourceTree = "<group>"; };
		32DEF68E18D4BB2B002CFF9B /* MLNotificiationCellLayout.m */ = {isa = PBXFileReference; fileEncoding = 4; lastKnownFileType = sourcecode.c.objc; path = MLNotificiationCellLayout.m; sourceTree = "<group>"; };
		32DEF69118D4DC68002CFF9B /* MLNotificationViewController.h */ = {isa = PBXFileReference; fileEncoding = 4; lastKnownFileType = sourcecode.c.h; path = MLNotificationViewController.h; sourceTree = "<group>"; };
		32DEF69218D4DC68002CFF9B /* MLNotificationViewController.m */ = {isa = PBXFileReference; fileEncoding = 4; lastKnownFileType = sourcecode.c.objc; path = MLNotificationViewController.m; sourceTree = "<group>"; };
		32DEF69418D4DD77002CFF9B /* MLNotificationView.h */ = {isa = PBXFileReference; fileEncoding = 4; lastKnownFileType = sourcecode.c.h; path = MLNotificationView.h; sourceTree = "<group>"; };
		32DEF69518D4DD77002CFF9B /* MLNotificationView.m */ = {isa = PBXFileReference; fileEncoding = 4; lastKnownFileType = sourcecode.c.objc; path = MLNotificationView.m; sourceTree = "<group>"; };
		32DEF69818D54CB2002CFF9B /* MLSettingViewController.h */ = {isa = PBXFileReference; fileEncoding = 4; lastKnownFileType = sourcecode.c.h; path = MLSettingViewController.h; sourceTree = "<group>"; };
		32DEF69918D54CB2002CFF9B /* MLSettingViewController.m */ = {isa = PBXFileReference; fileEncoding = 4; lastKnownFileType = sourcecode.c.objc; path = MLSettingViewController.m; sourceTree = "<group>"; };
		32DEF69C18D54DE1002CFF9B /* MLSettingView.h */ = {isa = PBXFileReference; fileEncoding = 4; lastKnownFileType = sourcecode.c.h; path = MLSettingView.h; sourceTree = "<group>"; };
		32DEF69D18D54DE1002CFF9B /* MLSettingView.m */ = {isa = PBXFileReference; fileEncoding = 4; lastKnownFileType = sourcecode.c.objc; path = MLSettingView.m; sourceTree = "<group>"; };
		32DEF6A018D55A28002CFF9B /* MLFeedbackViewController.h */ = {isa = PBXFileReference; fileEncoding = 4; lastKnownFileType = sourcecode.c.h; path = MLFeedbackViewController.h; sourceTree = "<group>"; };
		32DEF6A118D55A28002CFF9B /* MLFeedbackViewController.m */ = {isa = PBXFileReference; fileEncoding = 4; lastKnownFileType = sourcecode.c.objc; path = MLFeedbackViewController.m; sourceTree = "<group>"; };
		32E15E5518D2B25100AFA3F0 /* MLDevice.h */ = {isa = PBXFileReference; fileEncoding = 4; lastKnownFileType = sourcecode.c.h; path = MLDevice.h; sourceTree = "<group>"; };
		32E15E5618D2B25100AFA3F0 /* MLDevice.m */ = {isa = PBXFileReference; fileEncoding = 4; lastKnownFileType = sourcecode.c.objc; path = MLDevice.m; sourceTree = "<group>"; };
		32E15E5918D2B7A400AFA3F0 /* MLUserDefaults.h */ = {isa = PBXFileReference; fileEncoding = 4; lastKnownFileType = sourcecode.c.h; path = MLUserDefaults.h; sourceTree = "<group>"; };
		32E15E5A18D2B7A400AFA3F0 /* MLUserDefaults.m */ = {isa = PBXFileReference; fileEncoding = 4; lastKnownFileType = sourcecode.c.objc; path = MLUserDefaults.m; sourceTree = "<group>"; };
		32E15E5C18D2BB5C00AFA3F0 /* MLViewController.h */ = {isa = PBXFileReference; fileEncoding = 4; lastKnownFileType = sourcecode.c.h; path = MLViewController.h; sourceTree = "<group>"; };
		32E15E5D18D2BB5C00AFA3F0 /* MLViewController.m */ = {isa = PBXFileReference; fileEncoding = 4; lastKnownFileType = sourcecode.c.objc; path = MLViewController.m; sourceTree = "<group>"; };
		32E15E6018D2BD0E00AFA3F0 /* MLTabViewController.h */ = {isa = PBXFileReference; fileEncoding = 4; lastKnownFileType = sourcecode.c.h; path = MLTabViewController.h; sourceTree = "<group>"; };
		32E15E6118D2BD0E00AFA3F0 /* MLTabViewController.m */ = {isa = PBXFileReference; fileEncoding = 4; lastKnownFileType = sourcecode.c.objc; path = MLTabViewController.m; sourceTree = "<group>"; };
		32E15E6518D2C5FD00AFA3F0 /* MLHomeTabView.h */ = {isa = PBXFileReference; fileEncoding = 4; lastKnownFileType = sourcecode.c.h; path = MLHomeTabView.h; sourceTree = "<group>"; };
		32E15E6618D2C5FD00AFA3F0 /* MLHomeTabView.m */ = {isa = PBXFileReference; fileEncoding = 4; lastKnownFileType = sourcecode.c.objc; path = MLHomeTabView.m; sourceTree = "<group>"; };
		32E15E6B18D2CF0400AFA3F0 /* MLProductCollectionView.h */ = {isa = PBXFileReference; fileEncoding = 4; lastKnownFileType = sourcecode.c.h; path = MLProductCollectionView.h; sourceTree = "<group>"; };
		32E15E6C18D2CF0400AFA3F0 /* MLProductCollectionView.m */ = {isa = PBXFileReference; fileEncoding = 4; lastKnownFileType = sourcecode.c.objc; path = MLProductCollectionView.m; sourceTree = "<group>"; };
		32E15E6E18D2D08E00AFA3F0 /* MLProductCollectionLayout.h */ = {isa = PBXFileReference; fileEncoding = 4; lastKnownFileType = sourcecode.c.h; path = MLProductCollectionLayout.h; sourceTree = "<group>"; };
		32E15E6F18D2D08E00AFA3F0 /* MLProductCollectionLayout.m */ = {isa = PBXFileReference; fileEncoding = 4; lastKnownFileType = sourcecode.c.objc; path = MLProductCollectionLayout.m; sourceTree = "<group>"; };
		32E15E7218D2E1C300AFA3F0 /* MLUserViewController.h */ = {isa = PBXFileReference; fileEncoding = 4; lastKnownFileType = sourcecode.c.h; path = MLUserViewController.h; sourceTree = "<group>"; };
		32E15E7318D2E1C300AFA3F0 /* MLUserViewController.m */ = {isa = PBXFileReference; fileEncoding = 4; lastKnownFileType = sourcecode.c.objc; path = MLUserViewController.m; sourceTree = "<group>"; };
		32E15E7618D2E26000AFA3F0 /* MLProductController.h */ = {isa = PBXFileReference; fileEncoding = 4; lastKnownFileType = sourcecode.c.h; path = MLProductController.h; sourceTree = "<group>"; };
		32E15E7718D2E26000AFA3F0 /* MLProductController.m */ = {isa = PBXFileReference; fileEncoding = 4; lastKnownFileType = sourcecode.c.objc; path = MLProductController.m; sourceTree = "<group>"; };
		32E15E7918D2E6B200AFA3F0 /* MLProductManager.h */ = {isa = PBXFileReference; fileEncoding = 4; lastKnownFileType = sourcecode.c.h; path = MLProductManager.h; sourceTree = "<group>"; };
		32E15E7A18D2E6B200AFA3F0 /* MLProductManager.m */ = {isa = PBXFileReference; fileEncoding = 4; lastKnownFileType = sourcecode.c.objc; path = MLProductManager.m; sourceTree = "<group>"; };
		32E15E7C18D2EC4000AFA3F0 /* MLProductCell.h */ = {isa = PBXFileReference; fileEncoding = 4; lastKnownFileType = sourcecode.c.h; path = MLProductCell.h; sourceTree = "<group>"; };
		32E15E7D18D2EC4000AFA3F0 /* MLProductCell.m */ = {isa = PBXFileReference; fileEncoding = 4; lastKnownFileType = sourcecode.c.objc; path = MLProductCell.m; sourceTree = "<group>"; };
		32E2B06018D1FE6300C0F888 /* MLUserController.h */ = {isa = PBXFileReference; fileEncoding = 4; lastKnownFileType = sourcecode.c.h; path = MLUserController.h; sourceTree = "<group>"; };
		32E2B06118D1FE6300C0F888 /* MLUserController.m */ = {isa = PBXFileReference; fileEncoding = 4; lastKnownFileType = sourcecode.c.objc; path = MLUserController.m; sourceTree = "<group>"; };
		32E342CB18D4393A00ECBB60 /* MLNotificationTableViewController.h */ = {isa = PBXFileReference; fileEncoding = 4; lastKnownFileType = sourcecode.c.h; path = MLNotificationTableViewController.h; sourceTree = "<group>"; };
		32E342CC18D4393A00ECBB60 /* MLNotificationTableViewController.m */ = {isa = PBXFileReference; fileEncoding = 4; lastKnownFileType = sourcecode.c.objc; path = MLNotificationTableViewController.m; sourceTree = "<group>"; };
		32E342D018D43A9100ECBB60 /* MLNotificationTableView.h */ = {isa = PBXFileReference; fileEncoding = 4; lastKnownFileType = sourcecode.c.h; path = MLNotificationTableView.h; sourceTree = "<group>"; };
		32E342D118D43A9100ECBB60 /* MLNotificationTableView.m */ = {isa = PBXFileReference; fileEncoding = 4; lastKnownFileType = sourcecode.c.objc; path = MLNotificationTableView.m; sourceTree = "<group>"; };
		32E342D418D43D3900ECBB60 /* MLNotification.h */ = {isa = PBXFileReference; fileEncoding = 4; lastKnownFileType = sourcecode.c.h; path = MLNotification.h; sourceTree = "<group>"; };
		32E342D518D43D3900ECBB60 /* MLNotification.m */ = {isa = PBXFileReference; fileEncoding = 4; lastKnownFileType = sourcecode.c.objc; path = MLNotification.m; sourceTree = "<group>"; };
		32E342D718D43D4500ECBB60 /* MLNotificationManager.h */ = {isa = PBXFileReference; fileEncoding = 4; lastKnownFileType = sourcecode.c.h; path = MLNotificationManager.h; sourceTree = "<group>"; };
		32E342D818D43D4500ECBB60 /* MLNotificationManager.m */ = {isa = PBXFileReference; fileEncoding = 4; lastKnownFileType = sourcecode.c.objc; path = MLNotificationManager.m; sourceTree = "<group>"; };
		32E342DB18D43E4400ECBB60 /* MLNotificationController.h */ = {isa = PBXFileReference; fileEncoding = 4; lastKnownFileType = sourcecode.c.h; path = MLNotificationController.h; sourceTree = "<group>"; };
		32E342DC18D43E4400ECBB60 /* MLNotificationController.m */ = {isa = PBXFileReference; fileEncoding = 4; lastKnownFileType = sourcecode.c.objc; path = MLNotificationController.m; sourceTree = "<group>"; };
		32E342DE18D4B1B000ECBB60 /* MLNotificationCell.h */ = {isa = PBXFileReference; fileEncoding = 4; lastKnownFileType = sourcecode.c.h; path = MLNotificationCell.h; sourceTree = "<group>"; };
		32E342DF18D4B1B000ECBB60 /* MLNotificationCell.m */ = {isa = PBXFileReference; fileEncoding = 4; lastKnownFileType = sourcecode.c.objc; path = MLNotificationCell.m; sourceTree = "<group>"; };
		32E342E118D4B34300ECBB60 /* MLNotificationCellContentView.h */ = {isa = PBXFileReference; fileEncoding = 4; lastKnownFileType = sourcecode.c.h; path = MLNotificationCellContentView.h; sourceTree = "<group>"; };
		32E342E218D4B34300ECBB60 /* MLNotificationCellContentView.m */ = {isa = PBXFileReference; fileEncoding = 4; lastKnownFileType = sourcecode.c.objc; path = MLNotificationCellContentView.m; sourceTree = "<group>"; };
		32E3D4E618D24093004CEAE0 /* ImageIO.framework */ = {isa = PBXFileReference; lastKnownFileType = wrapper.framework; name = ImageIO.framework; path = System/Library/Frameworks/ImageIO.framework; sourceTree = SDKROOT; };
		32E3D4E818D240E7004CEAE0 /* MapKit.framework */ = {isa = PBXFileReference; lastKnownFileType = wrapper.framework; name = MapKit.framework; path = System/Library/Frameworks/MapKit.framework; sourceTree = SDKROOT; };
		32E3D4EB18D24230004CEAE0 /* MKAnnotationView+WebCache.h */ = {isa = PBXFileReference; fileEncoding = 4; lastKnownFileType = sourcecode.c.h; path = "MKAnnotationView+WebCache.h"; sourceTree = "<group>"; };
		32E3D4EC18D24230004CEAE0 /* MKAnnotationView+WebCache.m */ = {isa = PBXFileReference; fileEncoding = 4; lastKnownFileType = sourcecode.c.objc; path = "MKAnnotationView+WebCache.m"; sourceTree = "<group>"; };
		32E3D4ED18D24230004CEAE0 /* SDImageCache.h */ = {isa = PBXFileReference; fileEncoding = 4; lastKnownFileType = sourcecode.c.h; path = SDImageCache.h; sourceTree = "<group>"; };
		32E3D4EE18D24230004CEAE0 /* SDImageCache.m */ = {isa = PBXFileReference; fileEncoding = 4; lastKnownFileType = sourcecode.c.objc; path = SDImageCache.m; sourceTree = "<group>"; };
		32E3D4EF18D24230004CEAE0 /* SDWebImageCompat.h */ = {isa = PBXFileReference; fileEncoding = 4; lastKnownFileType = sourcecode.c.h; path = SDWebImageCompat.h; sourceTree = "<group>"; };
		32E3D4F018D24230004CEAE0 /* SDWebImageCompat.m */ = {isa = PBXFileReference; fileEncoding = 4; lastKnownFileType = sourcecode.c.objc; path = SDWebImageCompat.m; sourceTree = "<group>"; };
		32E3D4F118D24230004CEAE0 /* SDWebImageDecoder.h */ = {isa = PBXFileReference; fileEncoding = 4; lastKnownFileType = sourcecode.c.h; path = SDWebImageDecoder.h; sourceTree = "<group>"; };
		32E3D4F218D24230004CEAE0 /* SDWebImageDecoder.m */ = {isa = PBXFileReference; fileEncoding = 4; lastKnownFileType = sourcecode.c.objc; path = SDWebImageDecoder.m; sourceTree = "<group>"; };
		32E3D4F318D24230004CEAE0 /* SDWebImageDownloader.h */ = {isa = PBXFileReference; fileEncoding = 4; lastKnownFileType = sourcecode.c.h; path = SDWebImageDownloader.h; sourceTree = "<group>"; };
		32E3D4F418D24230004CEAE0 /* SDWebImageDownloader.m */ = {isa = PBXFileReference; fileEncoding = 4; lastKnownFileType = sourcecode.c.objc; path = SDWebImageDownloader.m; sourceTree = "<group>"; };
		32E3D4F518D24230004CEAE0 /* SDWebImageDownloaderOperation.h */ = {isa = PBXFileReference; fileEncoding = 4; lastKnownFileType = sourcecode.c.h; path = SDWebImageDownloaderOperation.h; sourceTree = "<group>"; };
		32E3D4F618D24230004CEAE0 /* SDWebImageDownloaderOperation.m */ = {isa = PBXFileReference; fileEncoding = 4; lastKnownFileType = sourcecode.c.objc; path = SDWebImageDownloaderOperation.m; sourceTree = "<group>"; };
		32E3D4F718D24230004CEAE0 /* SDWebImageManager.h */ = {isa = PBXFileReference; fileEncoding = 4; lastKnownFileType = sourcecode.c.h; path = SDWebImageManager.h; sourceTree = "<group>"; };
		32E3D4F818D24230004CEAE0 /* SDWebImageManager.m */ = {isa = PBXFileReference; fileEncoding = 4; lastKnownFileType = sourcecode.c.objc; path = SDWebImageManager.m; sourceTree = "<group>"; };
		32E3D4F918D24230004CEAE0 /* SDWebImageOperation.h */ = {isa = PBXFileReference; fileEncoding = 4; lastKnownFileType = sourcecode.c.h; path = SDWebImageOperation.h; sourceTree = "<group>"; };
		32E3D4FA18D24230004CEAE0 /* SDWebImagePrefetcher.h */ = {isa = PBXFileReference; fileEncoding = 4; lastKnownFileType = sourcecode.c.h; path = SDWebImagePrefetcher.h; sourceTree = "<group>"; };
		32E3D4FB18D24230004CEAE0 /* SDWebImagePrefetcher.m */ = {isa = PBXFileReference; fileEncoding = 4; lastKnownFileType = sourcecode.c.objc; path = SDWebImagePrefetcher.m; sourceTree = "<group>"; };
		32E3D4FC18D24230004CEAE0 /* UIButton+WebCache.h */ = {isa = PBXFileReference; fileEncoding = 4; lastKnownFileType = sourcecode.c.h; path = "UIButton+WebCache.h"; sourceTree = "<group>"; };
		32E3D4FD18D24230004CEAE0 /* UIButton+WebCache.m */ = {isa = PBXFileReference; fileEncoding = 4; lastKnownFileType = sourcecode.c.objc; path = "UIButton+WebCache.m"; sourceTree = "<group>"; };
		32E3D4FE18D24230004CEAE0 /* UIImage+GIF.h */ = {isa = PBXFileReference; fileEncoding = 4; lastKnownFileType = sourcecode.c.h; path = "UIImage+GIF.h"; sourceTree = "<group>"; };
		32E3D4FF18D24230004CEAE0 /* UIImage+GIF.m */ = {isa = PBXFileReference; fileEncoding = 4; lastKnownFileType = sourcecode.c.objc; path = "UIImage+GIF.m"; sourceTree = "<group>"; };
		32E3D50018D24230004CEAE0 /* UIImage+MultiFormat.h */ = {isa = PBXFileReference; fileEncoding = 4; lastKnownFileType = sourcecode.c.h; path = "UIImage+MultiFormat.h"; sourceTree = "<group>"; };
		32E3D50118D24230004CEAE0 /* UIImage+MultiFormat.m */ = {isa = PBXFileReference; fileEncoding = 4; lastKnownFileType = sourcecode.c.objc; path = "UIImage+MultiFormat.m"; sourceTree = "<group>"; };
		32E3D50218D24230004CEAE0 /* UIImage+WebP.h */ = {isa = PBXFileReference; fileEncoding = 4; lastKnownFileType = sourcecode.c.h; path = "UIImage+WebP.h"; sourceTree = "<group>"; };
		32E3D50318D24230004CEAE0 /* UIImage+WebP.m */ = {isa = PBXFileReference; fileEncoding = 4; lastKnownFileType = sourcecode.c.objc; path = "UIImage+WebP.m"; sourceTree = "<group>"; };
		32E3D50418D24230004CEAE0 /* UIImageView+WebCache.h */ = {isa = PBXFileReference; fileEncoding = 4; lastKnownFileType = sourcecode.c.h; path = "UIImageView+WebCache.h"; sourceTree = "<group>"; };
		32E3D50518D24230004CEAE0 /* UIImageView+WebCache.m */ = {isa = PBXFileReference; fileEncoding = 4; lastKnownFileType = sourcecode.c.objc; path = "UIImageView+WebCache.m"; sourceTree = "<group>"; };
		32E3D51318D242B2004CEAE0 /* NSData+ImageContentType.h */ = {isa = PBXFileReference; fileEncoding = 4; lastKnownFileType = sourcecode.c.h; path = "NSData+ImageContentType.h"; sourceTree = "<group>"; };
		32E3D51418D242B2004CEAE0 /* NSData+ImageContentType.m */ = {isa = PBXFileReference; fileEncoding = 4; lastKnownFileType = sourcecode.c.objc; path = "NSData+ImageContentType.m"; sourceTree = "<group>"; };
		32E3D51718D243C6004CEAE0 /* MLNotificationCenter.h */ = {isa = PBXFileReference; fileEncoding = 4; lastKnownFileType = sourcecode.c.h; path = MLNotificationCenter.h; sourceTree = "<group>"; };
		32E3D51818D243C6004CEAE0 /* MLNotificationCenter.m */ = {isa = PBXFileReference; fileEncoding = 4; lastKnownFileType = sourcecode.c.objc; path = MLNotificationCenter.m; sourceTree = "<group>"; };
		AE0AE56C3104436289DC3E42 /* libPods.a */ = {isa = PBXFileReference; explicitFileType = archive.ar; includeInIndex = 0; path = libPods.a; sourceTree = BUILT_PRODUCTS_DIR; };
/* End PBXFileReference section */

/* Begin PBXFrameworksBuildPhase section */
		32749DCA18D085AF00337C06 /* Frameworks */ = {
			isa = PBXFrameworksBuildPhase;
			buildActionMask = 2147483647;
			files = (
				32E3D4E918D240E7004CEAE0 /* MapKit.framework in Frameworks */,
				32E3D4E718D24093004CEAE0 /* ImageIO.framework in Frameworks */,
				329FAAAB18D1F02900FBC7F6 /* SystemConfiguration.framework in Frameworks */,
				329FAAA918D1F01C00FBC7F6 /* CFNetwork.framework in Frameworks */,
				329FAAA718D1F01200FBC7F6 /* Security.framework in Frameworks */,
				32749DD318D085AF00337C06 /* CoreGraphics.framework in Frameworks */,
				32749DD718D085AF00337C06 /* CoreData.framework in Frameworks */,
				32749DD518D085AF00337C06 /* UIKit.framework in Frameworks */,
				32749DD118D085AF00337C06 /* Foundation.framework in Frameworks */,
				4F96C50086FE4E83AA5B9FFB /* libPods.a in Frameworks */,
			);
			runOnlyForDeploymentPostprocessing = 0;
		};
		32749DEA18D085AF00337C06 /* Frameworks */ = {
			isa = PBXFrameworksBuildPhase;
			buildActionMask = 2147483647;
			files = (
				32749DEF18D085AF00337C06 /* XCTest.framework in Frameworks */,
				32749DF218D085AF00337C06 /* CoreData.framework in Frameworks */,
				32749DF118D085AF00337C06 /* UIKit.framework in Frameworks */,
				32749DF018D085AF00337C06 /* Foundation.framework in Frameworks */,
			);
			runOnlyForDeploymentPostprocessing = 0;
		};
/* End PBXFrameworksBuildPhase section */

/* Begin PBXGroup section */
		323F600418D3048C006FDDF1 /* Product */ = {
			isa = PBXGroup;
			children = (
				323F600518D304C5006FDDF1 /* MLProductViewController.h */,
				323F600618D304C5006FDDF1 /* MLProductViewController.m */,
			);
			name = Product;
			sourceTree = "<group>";
		};
		323F600818D34DB0006FDDF1 /* Product */ = {
			isa = PBXGroup;
			children = (
				323F600918D34DC8006FDDF1 /* MLProductView.h */,
				323F600A18D34DC8006FDDF1 /* MLProductView.m */,
			);
			name = Product;
			sourceTree = "<group>";
		};
		323F600C18D36683006FDDF1 /* Alert */ = {
			isa = PBXGroup;
			children = (
				323F600D18D3669D006FDDF1 /* MLAlert.h */,
				323F600E18D3669D006FDDF1 /* MLAlert.m */,
			);
			name = Alert;
			sourceTree = "<group>";
		};
		323F601018D36A50006FDDF1 /* Indicator */ = {
			isa = PBXGroup;
			children = (
				323F601418D36A83006FDDF1 /* MLIndicator.h */,
				323F601518D36A83006FDDF1 /* MLIndicator.m */,
			);
			name = Indicator;
			sourceTree = "<group>";
		};
		323F601A18D37B17006FDDF1 /* User */ = {
			isa = PBXGroup;
			children = (
				323F601B18D37B2B006FDDF1 /* MLUserView.h */,
				323F601C18D37B2B006FDDF1 /* MLUserView.m */,
			);
			name = User;
			sourceTree = "<group>";
		};
		32529F5A18D23C8C00ADA8EE /* Image */ = {
			isa = PBXGroup;
			children = (
				32529F5B18D23CA700ADA8EE /* MLImageManager.h */,
				32529F5C18D23CA700ADA8EE /* MLImageManager.m */,
			);
			name = Image;
			sourceTree = "<group>";
		};
		32749DC418D085AF00337C06 = {
			isa = PBXGroup;
			children = (
				32749DD818D085AF00337C06 /* melo */,
				32E3D4EA18D24230004CEAE0 /* SDWebImage */,
				32749DF518D085AF00337C06 /* meloTests */,
				32749DCF18D085AF00337C06 /* Frameworks */,
				32749DCE18D085AF00337C06 /* Products */,
				2499973558944353BA48409B /* Pods.xcconfig */,
			);
			sourceTree = "<group>";
		};
		32749DCE18D085AF00337C06 /* Products */ = {
			isa = PBXGroup;
			children = (
				32749DCD18D085AF00337C06 /* melo.app */,
				32749DED18D085AF00337C06 /* meloTests.xctest */,
			);
			name = Products;
			sourceTree = "<group>";
		};
		32749DCF18D085AF00337C06 /* Frameworks */ = {
			isa = PBXGroup;
			children = (
				32E3D4E818D240E7004CEAE0 /* MapKit.framework */,
				32E3D4E618D24093004CEAE0 /* ImageIO.framework */,
				329FAAAA18D1F02900FBC7F6 /* SystemConfiguration.framework */,
				329FAAA818D1F01C00FBC7F6 /* CFNetwork.framework */,
				329FAAA618D1F01200FBC7F6 /* Security.framework */,
				32749DD018D085AF00337C06 /* Foundation.framework */,
				32749DD218D085AF00337C06 /* CoreGraphics.framework */,
				32749DD418D085AF00337C06 /* UIKit.framework */,
				32749DD618D085AF00337C06 /* CoreData.framework */,
				32749DEE18D085AF00337C06 /* XCTest.framework */,
				AE0AE56C3104436289DC3E42 /* libPods.a */,
			);
			name = Frameworks;
			sourceTree = "<group>";
		};
		32749DD818D085AF00337C06 /* melo */ = {
			isa = PBXGroup;
			children = (
				32D3D1BA18D08C2E004D7E38 /* Application */,
				32D3D1C718D09391004D7E38 /* Resources */,
				32D3D1C918D0941B004D7E38 /* Extension */,
				32D3D1BB18D08CDF004D7E38 /* ViewController */,
				32D3D1BC18D08CF0004D7E38 /* View */,
				32D3D1BE18D08CFD004D7E38 /* Controller */,
				32D3D1BD18D08CF7004D7E38 /* Model */,
				32E3D51618D2438D004CEAE0 /* Utility */,
				32749DD918D085AF00337C06 /* Supporting Files */,
			);
			path = melo;
			sourceTree = "<group>";
		};
		32749DD918D085AF00337C06 /* Supporting Files */ = {
			isa = PBXGroup;
			children = (
				32749DDA18D085AF00337C06 /* melo-Info.plist */,
				32749DDB18D085AF00337C06 /* InfoPlist.strings */,
				32749DDE18D085AF00337C06 /* main.m */,
				32749DE018D085AF00337C06 /* melo-Prefix.pch */,
			);
			name = "Supporting Files";
			sourceTree = "<group>";
		};
		32749DF518D085AF00337C06 /* meloTests */ = {
			isa = PBXGroup;
			children = (
				32749DFB18D085AF00337C06 /* meloTests.m */,
				32749DF618D085AF00337C06 /* Supporting Files */,
			);
			path = meloTests;
			sourceTree = "<group>";
		};
		32749DF618D085AF00337C06 /* Supporting Files */ = {
			isa = PBXGroup;
			children = (
				32749DF718D085AF00337C06 /* meloTests-Info.plist */,
				32749DF818D085AF00337C06 /* InfoPlist.strings */,
			);
			name = "Supporting Files";
			sourceTree = "<group>";
		};
		329FAA8418D19C9C00FBC7F6 /* StartFollow */ = {
			isa = PBXGroup;
			children = (
				329FAA8518D19D5400FBC7F6 /* MLStartFollowViewController.h */,
				329FAA8618D19D5400FBC7F6 /* MLStartFollowViewController.m */,
			);
			name = StartFollow;
			sourceTree = "<group>";
		};
		329FAA8818D1A77500FBC7F6 /* Home */ = {
			isa = PBXGroup;
			children = (
				329FAA8918D1A79700FBC7F6 /* MLHomeViewController.h */,
				329FAA8A18D1A79700FBC7F6 /* MLHomeViewController.m */,
			);
			name = Home;
			sourceTree = "<group>";
		};
		329FAA8C18D1A95500FBC7F6 /* StartFollow */ = {
			isa = PBXGroup;
			children = (
				329FAA8D18D1A96C00FBC7F6 /* MLStartFollowView.h */,
				329FAA8E18D1A96C00FBC7F6 /* MLStartFollowView.m */,
				329FAA9018D1AE5700FBC7F6 /* MLFollowUserBlockView.h */,
				329FAA9118D1AE5700FBC7F6 /* MLFollowUserBlockView.m */,
			);
			name = StartFollow;
			sourceTree = "<group>";
		};
		329FAA9618D1AEF200FBC7F6 /* ProductCollection */ = {
			isa = PBXGroup;
			children = (
				32E15E6B18D2CF0400AFA3F0 /* MLProductCollectionView.h */,
				32E15E6C18D2CF0400AFA3F0 /* MLProductCollectionView.m */,
				32E15E6E18D2D08E00AFA3F0 /* MLProductCollectionLayout.h */,
				32E15E6F18D2D08E00AFA3F0 /* MLProductCollectionLayout.m */,
				32E15E7C18D2EC4000AFA3F0 /* MLProductCell.h */,
				32E15E7D18D2EC4000AFA3F0 /* MLProductCell.m */,
			);
			name = ProductCollection;
			sourceTree = "<group>";
		};
		329FAA9718D1AF3400FBC7F6 /* User */ = {
			isa = PBXGroup;
			children = (
				329FAA9818D1B0BF00FBC7F6 /* MLUser.h */,
				329FAA9918D1B0BF00FBC7F6 /* MLUser.m */,
				323F601718D37910006FDDF1 /* MLCurrentUser.h */,
				323F601818D37910006FDDF1 /* MLCurrentUser.m */,
			);
			name = User;
			sourceTree = "<group>";
		};
		329FAA9E18D1B0EC00FBC7F6 /* Product */ = {
			isa = PBXGroup;
			children = (
				329FAA9B18D1B0DE00FBC7F6 /* MLProduct.h */,
				329FAA9C18D1B0DE00FBC7F6 /* MLProduct.m */,
				32E15E7918D2E6B200AFA3F0 /* MLProductManager.h */,
				32E15E7A18D2E6B200AFA3F0 /* MLProductManager.m */,
			);
			name = Product;
			sourceTree = "<group>";
		};
		329FAA9F18D1CFF600FBC7F6 /* Network */ = {
			isa = PBXGroup;
			children = (
				329FAAA018D1D25200FBC7F6 /* MLConnector.h */,
				329FAAA118D1D25200FBC7F6 /* MLConnector.m */,
				329FAAA318D1DB1400FBC7F6 /* MLHttpRequest.h */,
				329FAAA418D1DB1400FBC7F6 /* MLHttpRequest.m */,
			);
			name = Network;
			sourceTree = "<group>";
		};
		32D3D1BA18D08C2E004D7E38 /* Application */ = {
			isa = PBXGroup;
			children = (
				32749DE118D085AF00337C06 /* MLAppDelegate.h */,
				32749DE218D085AF00337C06 /* MLAppDelegate.m */,
				32749DE718D085AF00337C06 /* Images.xcassets */,
			);
			name = Application;
			sourceTree = "<group>";
		};
		32D3D1BB18D08CDF004D7E38 /* ViewController */ = {
			isa = PBXGroup;
			children = (
				32E15E6318D2BD1200AFA3F0 /* TabBarController */,
				32D3D1C318D08F13004D7E38 /* NavigationController */,
				32D3D1BF18D08DF1004D7E38 /* Login */,
				329FAA8418D19C9C00FBC7F6 /* StartFollow */,
				329FAA8818D1A77500FBC7F6 /* Home */,
				32E342CE18D4395300ECBB60 /* Notification */,
				32DEF69718D54C8B002CFF9B /* Setting */,
				32E15E7118D2E16A00AFA3F0 /* User */,
				323F600418D3048C006FDDF1 /* Product */,
			);
			name = ViewController;
			sourceTree = "<group>";
		};
		32D3D1BC18D08CF0004D7E38 /* View */ = {
			isa = PBXGroup;
			children = (
				32D3D1CA18D09538004D7E38 /* Login */,
				329FAA8C18D1A95500FBC7F6 /* StartFollow */,
				32E15E6418D2C5A100AFA3F0 /* Home */,
				32E342CF18D43A4B00ECBB60 /* Notification */,
				32DEF69B18D54DCE002CFF9B /* Setting */,
				323F601A18D37B17006FDDF1 /* User */,
				323F600818D34DB0006FDDF1 /* Product */,
				329FAA9618D1AEF200FBC7F6 /* ProductCollection */,
			);
			name = View;
			sourceTree = "<group>";
		};
		32D3D1BD18D08CF7004D7E38 /* Model */ = {
			isa = PBXGroup;
			children = (
				329FAA9718D1AF3400FBC7F6 /* User */,
				329FAA9E18D1B0EC00FBC7F6 /* Product */,
				32E342D318D43C1400ECBB60 /* Notification */,
				32529F5A18D23C8C00ADA8EE /* Image */,
				329FAA9F18D1CFF600FBC7F6 /* Network */,
				32749DE418D085AF00337C06 /* melo.xcdatamodeld */,
			);
			name = Model;
			sourceTree = "<group>";
		};
		32D3D1BE18D08CFD004D7E38 /* Controller */ = {
			isa = PBXGroup;
			children = (
				32E15E5F18D2BB6200AFA3F0 /* View */,
				32E2B06318D1FE6900C0F888 /* User */,
				32E15E7518D2E23D00AFA3F0 /* Product */,
				32E342DA18D43E2600ECBB60 /* Notification */,
			);
			name = Controller;
			sourceTree = "<group>";
		};
		32D3D1BF18D08DF1004D7E38 /* Login */ = {
			isa = PBXGroup;
			children = (
				32D3D1C018D08E7F004D7E38 /* MLLoginViewController.h */,
				32D3D1C118D08E7F004D7E38 /* MLLoginViewController.m */,
			);
			name = Login;
			sourceTree = "<group>";
		};
		32D3D1C318D08F13004D7E38 /* NavigationController */ = {
			isa = PBXGroup;
			children = (
				32D3D1C418D08F43004D7E38 /* MLNavigationViewController.h */,
				32D3D1C518D08F43004D7E38 /* MLNavigationViewController.m */,
			);
			name = NavigationController;
			sourceTree = "<group>";
		};
		32D3D1C718D09391004D7E38 /* Resources */ = {
			isa = PBXGroup;
			children = (
				32D3D1C818D093BD004D7E38 /* images */,
			);
			name = Resources;
			sourceTree = "<group>";
		};
		32D3D1C818D093BD004D7E38 /* images */ = {
			isa = PBXGroup;
			children = (
			);
			name = images;
			sourceTree = "<group>";
		};
		32D3D1C918D0941B004D7E38 /* Extension */ = {
			isa = PBXGroup;
			children = (
				32D3D1CE18D17510004D7E38 /* UIImage+Addition.h */,
				32D3D1CF18D17510004D7E38 /* UIImage+Addition.m */,
				32D3D1D118D17713004D7E38 /* UIColor+Addition.h */,
				32D3D1D218D17713004D7E38 /* UIColor+Addition.m */,
			);
			name = Extension;
			sourceTree = "<group>";
		};
		32D3D1CA18D09538004D7E38 /* Login */ = {
			isa = PBXGroup;
			children = (
				32D3D1CB18D0956F004D7E38 /* MLLoginView.h */,
				32D3D1CC18D0956F004D7E38 /* MLLoginView.m */,
			);
			name = Login;
			sourceTree = "<group>";
		};
		32DEF68C18D4BA30002CFF9B /* Cell */ = {
			isa = PBXGroup;
			children = (
				32E342DE18D4B1B000ECBB60 /* MLNotificationCell.h */,
				32E342DF18D4B1B000ECBB60 /* MLNotificationCell.m */,
				32E342E118D4B34300ECBB60 /* MLNotificationCellContentView.h */,
				32E342E218D4B34300ECBB60 /* MLNotificationCellContentView.m */,
				32DEF68D18D4BB2B002CFF9B /* MLNotificationCellLayout.h */,
				32DEF68E18D4BB2B002CFF9B /* MLNotificiationCellLayout.m */,
			);
			name = Cell;
			sourceTree = "<group>";
		};
		32DEF69018D4D306002CFF9B /* tableView */ = {
			isa = PBXGroup;
			children = (
				32E342D018D43A9100ECBB60 /* MLNotificationTableView.h */,
				32E342D118D43A9100ECBB60 /* MLNotificationTableView.m */,
				32DEF68C18D4BA30002CFF9B /* Cell */,
			);
			name = tableView;
			sourceTree = "<group>";
		};
		32DEF69718D54C8B002CFF9B /* Setting */ = {
			isa = PBXGroup;
			children = (
				32DEF69818D54CB2002CFF9B /* MLSettingViewController.h */,
				32DEF69918D54CB2002CFF9B /* MLSettingViewController.m */,
				32DEF69F18D55A11002CFF9B /* Feedback */,
			);
			name = Setting;
			sourceTree = "<group>";
		};
		32DEF69B18D54DCE002CFF9B /* Setting */ = {
			isa = PBXGroup;
			children = (
				32DEF69C18D54DE1002CFF9B /* MLSettingView.h */,
				32DEF69D18D54DE1002CFF9B /* MLSettingView.m */,
			);
			name = Setting;
			sourceTree = "<group>";
		};
		32DEF69F18D55A11002CFF9B /* Feedback */ = {
			isa = PBXGroup;
			children = (
				32DEF6A018D55A28002CFF9B /* MLFeedbackViewController.h */,
				32DEF6A118D55A28002CFF9B /* MLFeedbackViewController.m */,
			);
			name = Feedback;
			sourceTree = "<group>";
		};
		32E15E5318D2B21D00AFA3F0 /* Notification */ = {
			isa = PBXGroup;
			children = (
				32E3D51718D243C6004CEAE0 /* MLNotificationCenter.h */,
				32E3D51818D243C6004CEAE0 /* MLNotificationCenter.m */,
			);
			name = Notification;
			sourceTree = "<group>";
		};
		32E15E5418D2B23D00AFA3F0 /* Devide */ = {
			isa = PBXGroup;
			children = (
				32E15E5518D2B25100AFA3F0 /* MLDevice.h */,
				32E15E5618D2B25100AFA3F0 /* MLDevice.m */,
			);
			name = Devide;
			sourceTree = "<group>";
		};
		32E15E5818D2B78200AFA3F0 /* UserDefaults */ = {
			isa = PBXGroup;
			children = (
				32E15E5918D2B7A400AFA3F0 /* MLUserDefaults.h */,
				32E15E5A18D2B7A400AFA3F0 /* MLUserDefaults.m */,
			);
			name = UserDefaults;
			sourceTree = "<group>";
		};
		32E15E5F18D2BB6200AFA3F0 /* View */ = {
			isa = PBXGroup;
			children = (
				32E15E5C18D2BB5C00AFA3F0 /* MLViewController.h */,
				32E15E5D18D2BB5C00AFA3F0 /* MLViewController.m */,
			);
			name = View;
			sourceTree = "<group>";
		};
		32E15E6318D2BD1200AFA3F0 /* TabBarController */ = {
			isa = PBXGroup;
			children = (
				32E15E6018D2BD0E00AFA3F0 /* MLTabViewController.h */,
				32E15E6118D2BD0E00AFA3F0 /* MLTabViewController.m */,
			);
			name = TabBarController;
			sourceTree = "<group>";
		};
		32E15E6418D2C5A100AFA3F0 /* Home */ = {
			isa = PBXGroup;
			children = (
				32E15E6518D2C5FD00AFA3F0 /* MLHomeTabView.h */,
				32E15E6618D2C5FD00AFA3F0 /* MLHomeTabView.m */,
			);
			name = Home;
			sourceTree = "<group>";
		};
		32E15E7118D2E16A00AFA3F0 /* User */ = {
			isa = PBXGroup;
			children = (
				32E15E7218D2E1C300AFA3F0 /* MLUserViewController.h */,
				32E15E7318D2E1C300AFA3F0 /* MLUserViewController.m */,
			);
			name = User;
			sourceTree = "<group>";
		};
		32E15E7518D2E23D00AFA3F0 /* Product */ = {
			isa = PBXGroup;
			children = (
				32E15E7618D2E26000AFA3F0 /* MLProductController.h */,
				32E15E7718D2E26000AFA3F0 /* MLProductController.m */,
			);
			name = Product;
			sourceTree = "<group>";
		};
		32E2B06318D1FE6900C0F888 /* User */ = {
			isa = PBXGroup;
			children = (
				32E2B06018D1FE6300C0F888 /* MLUserController.h */,
				32E2B06118D1FE6300C0F888 /* MLUserController.m */,
			);
			name = User;
			sourceTree = "<group>";
		};
		32E342CE18D4395300ECBB60 /* Notification */ = {
			isa = PBXGroup;
			children = (
				32E342CB18D4393A00ECBB60 /* MLNotificationTableViewController.h */,
				32E342CC18D4393A00ECBB60 /* MLNotificationTableViewController.m */,
				32DEF69118D4DC68002CFF9B /* MLNotificationViewController.h */,
				32DEF69218D4DC68002CFF9B /* MLNotificationViewController.m */,
			);
			name = Notification;
			sourceTree = "<group>";
		};
		32E342CF18D43A4B00ECBB60 /* Notification */ = {
			isa = PBXGroup;
			children = (
				32DEF69018D4D306002CFF9B /* tableView */,
				32DEF69418D4DD77002CFF9B /* MLNotificationView.h */,
				32DEF69518D4DD77002CFF9B /* MLNotificationView.m */,
			);
			name = Notification;
			sourceTree = "<group>";
		};
		32E342D318D43C1400ECBB60 /* Notification */ = {
			isa = PBXGroup;
			children = (
				32E342D418D43D3900ECBB60 /* MLNotification.h */,
				32E342D518D43D3900ECBB60 /* MLNotification.m */,
				32E342D718D43D4500ECBB60 /* MLNotificationManager.h */,
				32E342D818D43D4500ECBB60 /* MLNotificationManager.m */,
			);
			name = Notification;
			sourceTree = "<group>";
		};
		32E342DA18D43E2600ECBB60 /* Notification */ = {
			isa = PBXGroup;
			children = (
				32E342DB18D43E4400ECBB60 /* MLNotificationController.h */,
				32E342DC18D43E4400ECBB60 /* MLNotificationController.m */,
			);
			name = Notification;
			sourceTree = "<group>";
		};
		32E3D4EA18D24230004CEAE0 /* SDWebImage */ = {
			isa = PBXGroup;
			children = (
				32E3D4EB18D24230004CEAE0 /* MKAnnotationView+WebCache.h */,
				32E3D4EC18D24230004CEAE0 /* MKAnnotationView+WebCache.m */,
				32E3D51318D242B2004CEAE0 /* NSData+ImageContentType.h */,
				32E3D51418D242B2004CEAE0 /* NSData+ImageContentType.m */,
				32E3D4ED18D24230004CEAE0 /* SDImageCache.h */,
				32E3D4EE18D24230004CEAE0 /* SDImageCache.m */,
				32E3D4EF18D24230004CEAE0 /* SDWebImageCompat.h */,
				32E3D4F018D24230004CEAE0 /* SDWebImageCompat.m */,
				32E3D4F118D24230004CEAE0 /* SDWebImageDecoder.h */,
				32E3D4F218D24230004CEAE0 /* SDWebImageDecoder.m */,
				32E3D4F318D24230004CEAE0 /* SDWebImageDownloader.h */,
				32E3D4F418D24230004CEAE0 /* SDWebImageDownloader.m */,
				32E3D4F518D24230004CEAE0 /* SDWebImageDownloaderOperation.h */,
				32E3D4F618D24230004CEAE0 /* SDWebImageDownloaderOperation.m */,
				32E3D4F718D24230004CEAE0 /* SDWebImageManager.h */,
				32E3D4F818D24230004CEAE0 /* SDWebImageManager.m */,
				32E3D4F918D24230004CEAE0 /* SDWebImageOperation.h */,
				32E3D4FA18D24230004CEAE0 /* SDWebImagePrefetcher.h */,
				32E3D4FB18D24230004CEAE0 /* SDWebImagePrefetcher.m */,
				32E3D4FC18D24230004CEAE0 /* UIButton+WebCache.h */,
				32E3D4FD18D24230004CEAE0 /* UIButton+WebCache.m */,
				32E3D4FE18D24230004CEAE0 /* UIImage+GIF.h */,
				32E3D4FF18D24230004CEAE0 /* UIImage+GIF.m */,
				32E3D50018D24230004CEAE0 /* UIImage+MultiFormat.h */,
				32E3D50118D24230004CEAE0 /* UIImage+MultiFormat.m */,
				32E3D50218D24230004CEAE0 /* UIImage+WebP.h */,
				32E3D50318D24230004CEAE0 /* UIImage+WebP.m */,
				32E3D50418D24230004CEAE0 /* UIImageView+WebCache.h */,
				32E3D50518D24230004CEAE0 /* UIImageView+WebCache.m */,
			);
			name = SDWebImage;
			path = melo/SDWebImage;
			sourceTree = "<group>";
		};
		32E3D51618D2438D004CEAE0 /* Utility */ = {
			isa = PBXGroup;
			children = (
				323F601018D36A50006FDDF1 /* Indicator */,
				323F600C18D36683006FDDF1 /* Alert */,
				32E15E5418D2B23D00AFA3F0 /* Devide */,
				32E15E5318D2B21D00AFA3F0 /* Notification */,
				32E15E5818D2B78200AFA3F0 /* UserDefaults */,
			);
			name = Utility;
			sourceTree = "<group>";
		};
/* End PBXGroup section */

/* Begin PBXNativeTarget section */
		32749DCC18D085AF00337C06 /* melo */ = {
			isa = PBXNativeTarget;
			buildConfigurationList = 32749DFF18D085AF00337C06 /* Build configuration list for PBXNativeTarget "melo" */;
			buildPhases = (
				8CAA59AB8E2E424BB361896C /* Check Pods Manifest.lock */,
				32749DC918D085AF00337C06 /* Sources */,
				32749DCA18D085AF00337C06 /* Frameworks */,
				32749DCB18D085AF00337C06 /* Resources */,
				906635AAEFF54AA782FCC81C /* Copy Pods Resources */,
			);
			buildRules = (
			);
			dependencies = (
			);
			name = melo;
			productName = melo;
			productReference = 32749DCD18D085AF00337C06 /* melo.app */;
			productType = "com.apple.product-type.application";
		};
		32749DEC18D085AF00337C06 /* meloTests */ = {
			isa = PBXNativeTarget;
			buildConfigurationList = 32749E0218D085AF00337C06 /* Build configuration list for PBXNativeTarget "meloTests" */;
			buildPhases = (
				32749DE918D085AF00337C06 /* Sources */,
				32749DEA18D085AF00337C06 /* Frameworks */,
				32749DEB18D085AF00337C06 /* Resources */,
			);
			buildRules = (
			);
			dependencies = (
				32749DF418D085AF00337C06 /* PBXTargetDependency */,
			);
			name = meloTests;
			productName = meloTests;
			productReference = 32749DED18D085AF00337C06 /* meloTests.xctest */;
			productType = "com.apple.product-type.bundle.unit-test";
		};
/* End PBXNativeTarget section */

/* Begin PBXProject section */
		32749DC518D085AF00337C06 /* Project object */ = {
			isa = PBXProject;
			attributes = {
				CLASSPREFIX = ML;
				LastUpgradeCheck = 0500;
				ORGANIZATIONNAME = "新保 麻粋";
				TargetAttributes = {
					32749DEC18D085AF00337C06 = {
						TestTargetID = 32749DCC18D085AF00337C06;
					};
				};
			};
			buildConfigurationList = 32749DC818D085AF00337C06 /* Build configuration list for PBXProject "melo" */;
			compatibilityVersion = "Xcode 3.2";
			developmentRegion = English;
			hasScannedForEncodings = 0;
			knownRegions = (
				en,
			);
			mainGroup = 32749DC418D085AF00337C06;
			productRefGroup = 32749DCE18D085AF00337C06 /* Products */;
			projectDirPath = "";
			projectRoot = "";
			targets = (
				32749DCC18D085AF00337C06 /* melo */,
				32749DEC18D085AF00337C06 /* meloTests */,
			);
		};
/* End PBXProject section */

/* Begin PBXResourcesBuildPhase section */
		32749DCB18D085AF00337C06 /* Resources */ = {
			isa = PBXResourcesBuildPhase;
			buildActionMask = 2147483647;
			files = (
				32749DDD18D085AF00337C06 /* InfoPlist.strings in Resources */,
				32749DE818D085AF00337C06 /* Images.xcassets in Resources */,
			);
			runOnlyForDeploymentPostprocessing = 0;
		};
		32749DEB18D085AF00337C06 /* Resources */ = {
			isa = PBXResourcesBuildPhase;
			buildActionMask = 2147483647;
			files = (
				32749DFA18D085AF00337C06 /* InfoPlist.strings in Resources */,
			);
			runOnlyForDeploymentPostprocessing = 0;
		};
/* End PBXResourcesBuildPhase section */

/* Begin PBXShellScriptBuildPhase section */
		8CAA59AB8E2E424BB361896C /* Check Pods Manifest.lock */ = {
			isa = PBXShellScriptBuildPhase;
			buildActionMask = 2147483647;
			files = (
			);
			inputPaths = (
			);
			name = "Check Pods Manifest.lock";
			outputPaths = (
			);
			runOnlyForDeploymentPostprocessing = 0;
			shellPath = /bin/sh;
			shellScript = "diff \"${PODS_ROOT}/../Podfile.lock\" \"${PODS_ROOT}/Manifest.lock\" > /dev/null\nif [[ $? != 0 ]] ; then\n    cat << EOM\nerror: The sandbox is not in sync with the Podfile.lock. Run 'pod install' or update your CocoaPods installation.\nEOM\n    exit 1\nfi\n";
			showEnvVarsInLog = 0;
		};
		906635AAEFF54AA782FCC81C /* Copy Pods Resources */ = {
			isa = PBXShellScriptBuildPhase;
			buildActionMask = 2147483647;
			files = (
			);
			inputPaths = (
			);
			name = "Copy Pods Resources";
			outputPaths = (
			);
			runOnlyForDeploymentPostprocessing = 0;
			shellPath = /bin/sh;
			shellScript = "\"${SRCROOT}/Pods/Pods-resources.sh\"\n";
			showEnvVarsInLog = 0;
		};
/* End PBXShellScriptBuildPhase section */

/* Begin PBXSourcesBuildPhase section */
		32749DC918D085AF00337C06 /* Sources */ = {
			isa = PBXSourcesBuildPhase;
			buildActionMask = 2147483647;
			files = (
				329FAA8718D19D5400FBC7F6 /* MLStartFollowViewController.m in Sources */,
				32749DE618D085AF00337C06 /* melo.xcdatamodeld in Sources */,
				32D3D1D318D17713004D7E38 /* UIColor+Addition.m in Sources */,
				32E342D618D43D3900ECBB60 /* MLNotification.m in Sources */,
				32749DDF18D085AF00337C06 /* main.m in Sources */,
				32E15E7E18D2EC4000AFA3F0 /* MLProductCell.m in Sources */,
				32D3D1C618D08F43004D7E38 /* MLNavigationViewController.m in Sources */,
				32E3D50C18D24230004CEAE0 /* SDWebImageManager.m in Sources */,
				32E3D50918D24230004CEAE0 /* SDWebImageDecoder.m in Sources */,
				32E2B06218D1FE6300C0F888 /* MLUserController.m in Sources */,
				32E15E7018D2D08E00AFA3F0 /* MLProductCollectionLayout.m in Sources */,
				32DEF69A18D54CB2002CFF9B /* MLSettingViewController.m in Sources */,
				32D3D1CD18D0956F004D7E38 /* MLLoginView.m in Sources */,
				32E3D50D18D24230004CEAE0 /* SDWebImagePrefetcher.m in Sources */,
				32DEF69318D4DC68002CFF9B /* MLNotificationViewController.m in Sources */,
				32E3D51518D242B2004CEAE0 /* NSData+ImageContentType.m in Sources */,
				32E342DD18D43E4400ECBB60 /* MLNotificationController.m in Sources */,
				32E3D51218D24230004CEAE0 /* UIImageView+WebCache.m in Sources */,
				329FAA8B18D1A79700FBC7F6 /* MLHomeViewController.m in Sources */,
				32E342E318D4B34300ECBB60 /* MLNotificationCellContentView.m in Sources */,
				32E342D218D43A9100ECBB60 /* MLNotificationTableView.m in Sources */,
				32E15E6D18D2CF0400AFA3F0 /* MLProductCollectionView.m in Sources */,
				323F601D18D37B2B006FDDF1 /* MLUserView.m in Sources */,
				329FAA9218D1AE5700FBC7F6 /* MLFollowUserBlockView.m in Sources */,
				329FAAA518D1DB1400FBC7F6 /* MLHttpRequest.m in Sources */,
				32E3D51918D243C6004CEAE0 /* MLNotificationCenter.m in Sources */,
				323F600B18D34DC8006FDDF1 /* MLProductView.m in Sources */,
				32DEF69618D4DD77002CFF9B /* MLNotificationView.m in Sources */,
				323F600718D304C5006FDDF1 /* MLProductViewController.m in Sources */,
				32DEF6A218D55A28002CFF9B /* MLFeedbackViewController.m in Sources */,
				32E3D50F18D24230004CEAE0 /* UIImage+GIF.m in Sources */,
				32E3D51118D24230004CEAE0 /* UIImage+WebP.m in Sources */,
				32749DE318D085AF00337C06 /* MLAppDelegate.m in Sources */,
				32E15E7818D2E26000AFA3F0 /* MLProductController.m in Sources */,
				32E15E5E18D2BB5C00AFA3F0 /* MLViewController.m in Sources */,
				32E3D50818D24230004CEAE0 /* SDWebImageCompat.m in Sources */,
				32E342E018D4B1B000ECBB60 /* MLNotificationCell.m in Sources */,
				32529F5D18D23CA700ADA8EE /* MLImageManager.m in Sources */,
				329FAA9D18D1B0DE00FBC7F6 /* MLProduct.m in Sources */,
				323F601918D37910006FDDF1 /* MLCurrentUser.m in Sources */,
				32E3D50718D24230004CEAE0 /* SDImageCache.m in Sources */,
				323F601618D36A83006FDDF1 /* MLIndicator.m in Sources */,
				32E3D50A18D24230004CEAE0 /* SDWebImageDownloader.m in Sources */,
				323F600F18D3669D006FDDF1 /* MLAlert.m in Sources */,
				32E3D50618D24230004CEAE0 /* MKAnnotationView+WebCache.m in Sources */,
				32D3D1D018D17510004D7E38 /* UIImage+Addition.m in Sources */,
				32E3D51018D24230004CEAE0 /* UIImage+MultiFormat.m in Sources */,
				32E3D50E18D24230004CEAE0 /* UIButton+WebCache.m in Sources */,
				32E342D918D43D4500ECBB60 /* MLNotificationManager.m in Sources */,
				329FAAA218D1D25200FBC7F6 /* MLConnector.m in Sources */,
				32DEF68F18D4BB2B002CFF9B /* MLNotificiationCellLayout.m in Sources */,
				32E15E6718D2C5FD00AFA3F0 /* MLHomeTabView.m in Sources */,
				32E15E6218D2BD0E00AFA3F0 /* MLTabViewController.m in Sources */,
				32E3D50B18D24230004CEAE0 /* SDWebImageDownloaderOperation.m in Sources */,
				32E15E7418D2E1C300AFA3F0 /* MLUserViewController.m in Sources */,
				32E15E5B18D2B7A400AFA3F0 /* MLUserDefaults.m in Sources */,
				32E15E5718D2B25100AFA3F0 /* MLDevice.m in Sources */,
				329FAA9A18D1B0BF00FBC7F6 /* MLUser.m in Sources */,
				32E342CD18D4393A00ECBB60 /* MLNotificationTableViewController.m in Sources */,
				32D3D1C218D08E7F004D7E38 /* MLLoginViewController.m in Sources */,
				32E15E7B18D2E6B200AFA3F0 /* MLProductManager.m in Sources */,
				32DEF69E18D54DE1002CFF9B /* MLSettingView.m in Sources */,
				329FAA8F18D1A96C00FBC7F6 /* MLStartFollowView.m in Sources */,
			);
			runOnlyForDeploymentPostprocessing = 0;
		};
		32749DE918D085AF00337C06 /* Sources */ = {
			isa = PBXSourcesBuildPhase;
			buildActionMask = 2147483647;
			files = (
				32749DFC18D085AF00337C06 /* meloTests.m in Sources */,
			);
			runOnlyForDeploymentPostprocessing = 0;
		};
/* End PBXSourcesBuildPhase section */

/* Begin PBXTargetDependency section */
		32749DF418D085AF00337C06 /* PBXTargetDependency */ = {
			isa = PBXTargetDependency;
			target = 32749DCC18D085AF00337C06 /* melo */;
			targetProxy = 32749DF318D085AF00337C06 /* PBXContainerItemProxy */;
		};
/* End PBXTargetDependency section */

/* Begin PBXVariantGroup section */
		32749DDB18D085AF00337C06 /* InfoPlist.strings */ = {
			isa = PBXVariantGroup;
			children = (
				32749DDC18D085AF00337C06 /* en */,
			);
			name = InfoPlist.strings;
			sourceTree = "<group>";
		};
		32749DF818D085AF00337C06 /* InfoPlist.strings */ = {
			isa = PBXVariantGroup;
			children = (
				32749DF918D085AF00337C06 /* en */,
			);
			name = InfoPlist.strings;
			sourceTree = "<group>";
		};
/* End PBXVariantGroup section */

/* Begin XCBuildConfiguration section */
		32749DFD18D085AF00337C06 /* Debug */ = {
			isa = XCBuildConfiguration;
			buildSettings = {
				ALWAYS_SEARCH_USER_PATHS = NO;
				ARCHS = "$(ARCHS_STANDARD_INCLUDING_64_BIT)";
				CLANG_CXX_LANGUAGE_STANDARD = "gnu++0x";
				CLANG_CXX_LIBRARY = "libc++";
				CLANG_ENABLE_MODULES = YES;
				CLANG_ENABLE_OBJC_ARC = YES;
				CLANG_WARN_BOOL_CONVERSION = YES;
				CLANG_WARN_CONSTANT_CONVERSION = YES;
				CLANG_WARN_DIRECT_OBJC_ISA_USAGE = YES_ERROR;
				CLANG_WARN_EMPTY_BODY = YES;
				CLANG_WARN_ENUM_CONVERSION = YES;
				CLANG_WARN_INT_CONVERSION = YES;
				CLANG_WARN_OBJC_ROOT_CLASS = YES_ERROR;
				CLANG_WARN__DUPLICATE_METHOD_MATCH = YES;
				"CODE_SIGN_IDENTITY[sdk=iphoneos*]" = "iPhone Developer";
				COPY_PHASE_STRIP = NO;
				GCC_C_LANGUAGE_STANDARD = gnu99;
				GCC_DYNAMIC_NO_PIC = NO;
				GCC_OPTIMIZATION_LEVEL = 0;
				GCC_PREPROCESSOR_DEFINITIONS = (
					"DEBUG=1",
					"$(inherited)",
				);
				GCC_SYMBOLS_PRIVATE_EXTERN = NO;
				GCC_WARN_64_TO_32_BIT_CONVERSION = YES;
				GCC_WARN_ABOUT_RETURN_TYPE = YES_ERROR;
				GCC_WARN_UNDECLARED_SELECTOR = YES;
				GCC_WARN_UNINITIALIZED_AUTOS = YES;
				GCC_WARN_UNUSED_FUNCTION = YES;
				GCC_WARN_UNUSED_VARIABLE = YES;
				IPHONEOS_DEPLOYMENT_TARGET = 7.0;
				ONLY_ACTIVE_ARCH = YES;
				SDKROOT = iphoneos;
				TARGETED_DEVICE_FAMILY = "1,2";
			};
			name = Debug;
		};
		32749DFE18D085AF00337C06 /* Release */ = {
			isa = XCBuildConfiguration;
			buildSettings = {
				ALWAYS_SEARCH_USER_PATHS = NO;
				ARCHS = "$(ARCHS_STANDARD_INCLUDING_64_BIT)";
				CLANG_CXX_LANGUAGE_STANDARD = "gnu++0x";
				CLANG_CXX_LIBRARY = "libc++";
				CLANG_ENABLE_MODULES = YES;
				CLANG_ENABLE_OBJC_ARC = YES;
				CLANG_WARN_BOOL_CONVERSION = YES;
				CLANG_WARN_CONSTANT_CONVERSION = YES;
				CLANG_WARN_DIRECT_OBJC_ISA_USAGE = YES_ERROR;
				CLANG_WARN_EMPTY_BODY = YES;
				CLANG_WARN_ENUM_CONVERSION = YES;
				CLANG_WARN_INT_CONVERSION = YES;
				CLANG_WARN_OBJC_ROOT_CLASS = YES_ERROR;
				CLANG_WARN__DUPLICATE_METHOD_MATCH = YES;
				"CODE_SIGN_IDENTITY[sdk=iphoneos*]" = "iPhone Developer";
				COPY_PHASE_STRIP = YES;
				ENABLE_NS_ASSERTIONS = NO;
				GCC_C_LANGUAGE_STANDARD = gnu99;
				GCC_WARN_64_TO_32_BIT_CONVERSION = YES;
				GCC_WARN_ABOUT_RETURN_TYPE = YES_ERROR;
				GCC_WARN_UNDECLARED_SELECTOR = YES;
				GCC_WARN_UNINITIALIZED_AUTOS = YES;
				GCC_WARN_UNUSED_FUNCTION = YES;
				GCC_WARN_UNUSED_VARIABLE = YES;
				IPHONEOS_DEPLOYMENT_TARGET = 7.0;
				SDKROOT = iphoneos;
				TARGETED_DEVICE_FAMILY = "1,2";
				VALIDATE_PRODUCT = YES;
			};
			name = Release;
		};
		32749E0018D085AF00337C06 /* Debug */ = {
			isa = XCBuildConfiguration;
			baseConfigurationReference = 2499973558944353BA48409B /* Pods.xcconfig */;
			buildSettings = {
				ARCHS = "$(ARCHS_STANDARD_INCLUDING_64_BIT)";
				ASSETCATALOG_COMPILER_APPICON_NAME = AppIcon;
				ASSETCATALOG_COMPILER_LAUNCHIMAGE_NAME = LaunchImage;
				FRAMEWORK_SEARCH_PATHS = (
					"$(inherited)",
					/Users/shinbomaiki/melo/melo,
				);
				GCC_PRECOMPILE_PREFIX_HEADER = YES;
				GCC_PREFIX_HEADER = "melo/melo-Prefix.pch";
				GCC_WARN_UNDECLARED_SELECTOR = YES;
				INFOPLIST_FILE = "melo/melo-Info.plist";
				PRODUCT_NAME = "$(TARGET_NAME)";
				WRAPPER_EXTENSION = app;
			};
			name = Debug;
		};
		32749E0118D085AF00337C06 /* Release */ = {
			isa = XCBuildConfiguration;
			baseConfigurationReference = 2499973558944353BA48409B /* Pods.xcconfig */;
			buildSettings = {
				ARCHS = "$(ARCHS_STANDARD_INCLUDING_64_BIT)";
				ASSETCATALOG_COMPILER_APPICON_NAME = AppIcon;
				ASSETCATALOG_COMPILER_LAUNCHIMAGE_NAME = LaunchImage;
				FRAMEWORK_SEARCH_PATHS = (
					"$(inherited)",
					/Users/shinbomaiki/melo/melo,
				);
				GCC_PRECOMPILE_PREFIX_HEADER = YES;
				GCC_PREFIX_HEADER = "melo/melo-Prefix.pch";
				GCC_WARN_UNDECLARED_SELECTOR = YES;
				INFOPLIST_FILE = "melo/melo-Info.plist";
				PRODUCT_NAME = "$(TARGET_NAME)";
				WRAPPER_EXTENSION = app;
			};
			name = Release;
		};
		32749E0318D085AF00337C06 /* Debug */ = {
			isa = XCBuildConfiguration;
			buildSettings = {
				ARCHS = "$(ARCHS_STANDARD_INCLUDING_64_BIT)";
				BUNDLE_LOADER = "$(BUILT_PRODUCTS_DIR)/melo.app/melo";
				FRAMEWORK_SEARCH_PATHS = (
					"$(SDKROOT)/Developer/Library/Frameworks",
					"$(inherited)",
					"$(DEVELOPER_FRAMEWORKS_DIR)",
				);
				GCC_PRECOMPILE_PREFIX_HEADER = YES;
				GCC_PREFIX_HEADER = "melo/melo-Prefix.pch";
				GCC_PREPROCESSOR_DEFINITIONS = (
					"DEBUG=1",
					"$(inherited)",
				);
				INFOPLIST_FILE = "meloTests/meloTests-Info.plist";
				PRODUCT_NAME = "$(TARGET_NAME)";
				TEST_HOST = "$(BUNDLE_LOADER)";
				WRAPPER_EXTENSION = xctest;
			};
			name = Debug;
		};
		32749E0418D085AF00337C06 /* Release */ = {
			isa = XCBuildConfiguration;
			buildSettings = {
				ARCHS = "$(ARCHS_STANDARD_INCLUDING_64_BIT)";
				BUNDLE_LOADER = "$(BUILT_PRODUCTS_DIR)/melo.app/melo";
				FRAMEWORK_SEARCH_PATHS = (
					"$(SDKROOT)/Developer/Library/Frameworks",
					"$(inherited)",
					"$(DEVELOPER_FRAMEWORKS_DIR)",
				);
				GCC_PRECOMPILE_PREFIX_HEADER = YES;
				GCC_PREFIX_HEADER = "melo/melo-Prefix.pch";
				INFOPLIST_FILE = "meloTests/meloTests-Info.plist";
				PRODUCT_NAME = "$(TARGET_NAME)";
				TEST_HOST = "$(BUNDLE_LOADER)";
				WRAPPER_EXTENSION = xctest;
			};
			name = Release;
		};
/* End XCBuildConfiguration section */

/* Begin XCConfigurationList section */
		32749DC818D085AF00337C06 /* Build configuration list for PBXProject "melo" */ = {
			isa = XCConfigurationList;
			buildConfigurations = (
				32749DFD18D085AF00337C06 /* Debug */,
				32749DFE18D085AF00337C06 /* Release */,
			);
			defaultConfigurationIsVisible = 0;
			defaultConfigurationName = Release;
		};
		32749DFF18D085AF00337C06 /* Build configuration list for PBXNativeTarget "melo" */ = {
			isa = XCConfigurationList;
			buildConfigurations = (
				32749E0018D085AF00337C06 /* Debug */,
				32749E0118D085AF00337C06 /* Release */,
			);
			defaultConfigurationIsVisible = 0;
			defaultConfigurationName = Release;
		};
		32749E0218D085AF00337C06 /* Build configuration list for PBXNativeTarget "meloTests" */ = {
			isa = XCConfigurationList;
			buildConfigurations = (
				32749E0318D085AF00337C06 /* Debug */,
				32749E0418D085AF00337C06 /* Release */,
			);
			defaultConfigurationIsVisible = 0;
			defaultConfigurationName = Release;
		};
/* End XCConfigurationList section */

/* Begin XCVersionGroup section */
		32749DE418D085AF00337C06 /* melo.xcdatamodeld */ = {
			isa = XCVersionGroup;
			children = (
				32749DE518D085AF00337C06 /* melo.xcdatamodel */,
			);
			currentVersion = 32749DE518D085AF00337C06 /* melo.xcdatamodel */;
			path = melo.xcdatamodeld;
			sourceTree = "<group>";
			versionGroupType = wrapper.xcdatamodel;
		};
/* End XCVersionGroup section */
	};
	rootObject = 32749DC518D085AF00337C06 /* Project object */;
}
